
Microsoft Visual Studio Solution File, Format Version 12.00
# Visual Studio 15
VisualStudioVersion = 15.0.28307.489
MinimumVisualStudioVersion = 10.0.40219.1
Project("{FAE04EC0-301F-11D3-BF4B-00C04F79EFBC}") = "EventScheduler", "EventScheduler\EventScheduler.csproj", "{B94985D7-4F2F-436C-871A-79BB7A1C9D7F}"
EndProject
Global
	GlobalSection(SolutionConfigurationPlatforms) = preSolution
		Debug|Any CPU = Debug|Any CPU
		Release|Any CPU = Release|Any CPU
	EndGlobalSection
	GlobalSection(ProjectConfigurationPlatforms) = postSolution
		{B94985D7-4F2F-436C-871A-79BB7A1C9D7F}.Debug|Any CPU.ActiveCfg = Debug|Any CPU
		{B94985D7-4F2F-436C-871A-79BB7A1C9D7F}.Debug|Any CPU.Build.0 = Debug|Any CPU
		{B94985D7-4F2F-436C-871A-79BB7A1C9D7F}.Release|Any CPU.ActiveCfg = Release|Any CPU
		{B94985D7-4F2F-436C-871A-79BB7A1C9D7F}.Release|Any CPU.Build.0 = Release|Any CPU
	EndGlobalSection
	GlobalSection(SolutionProperties) = preSolution
		HideSolutionNode = FALSE
	EndGlobalSection
	GlobalSection(ExtensibilityGlobals) = postSolution
		SolutionGuid = {EE19E423-E09A-45E5-B203-3ADC33A16F34}
	EndGlobalSection
EndGlobal
